// !$*UTF8*$!
{
	archiveVersion = 1;
	classes = {
	};
	objectVersion = 46;
	objects = {

/* Begin PBXBuildFile section */
		575697E81B5F814000721A9A /* OtherViewController.m in Sources */ = {isa = PBXBuildFile; fileRef = 575697E71B5F814000721A9A /* OtherViewController.m */; };
		575F9B2D1B5BA2780077F09C /* main.m in Sources */ = {isa = PBXBuildFile; fileRef = 575F9B2C1B5BA2780077F09C /* main.m */; };
		575F9B301B5BA2780077F09C /* AppDelegate.m in Sources */ = {isa = PBXBuildFile; fileRef = 575F9B2F1B5BA2780077F09C /* AppDelegate.m */; };
		575F9B331B5BA2780077F09C /* RootViewController.m in Sources */ = {isa = PBXBuildFile; fileRef = 575F9B321B5BA2780077F09C /* RootViewController.m */; };
		575F9B361B5BA2780077F09C /* Main.storyboard in Resources */ = {isa = PBXBuildFile; fileRef = 575F9B341B5BA2780077F09C /* Main.storyboard */; };
		575F9B381B5BA2780077F09C /* Images.xcassets in Resources */ = {isa = PBXBuildFile; fileRef = 575F9B371B5BA2780077F09C /* Images.xcassets */; };
		575F9B3B1B5BA2780077F09C /* LaunchScreen.xib in Resources */ = {isa = PBXBuildFile; fileRef = 575F9B391B5BA2780077F09C /* LaunchScreen.xib */; };
		575F9B471B5BA2780077F09C /* cehsiTests.m in Sources */ = {isa = PBXBuildFile; fileRef = 575F9B461B5BA2780077F09C /* cehsiTests.m */; };
		575F9B571B5BA2A50077F09C /* RECommonFunctions.m in Sources */ = {isa = PBXBuildFile; fileRef = 575F9B521B5BA2A50077F09C /* RECommonFunctions.m */; };
		575F9B581B5BA2A50077F09C /* RESideMenu.m in Sources */ = {isa = PBXBuildFile; fileRef = 575F9B541B5BA2A50077F09C /* RESideMenu.m */; };
		575F9B591B5BA2A50077F09C /* UIViewController+RESideMenu.m in Sources */ = {isa = PBXBuildFile; fileRef = 575F9B561B5BA2A50077F09C /* UIViewController+RESideMenu.m */; };
		575F9B5C1B5BA3330077F09C /* LeftViewController.m in Sources */ = {isa = PBXBuildFile; fileRef = 575F9B5B1B5BA3330077F09C /* LeftViewController.m */; };
		575F9B5F1B5BA4600077F09C /* RightViewController.m in Sources */ = {isa = PBXBuildFile; fileRef = 575F9B5E1B5BA4600077F09C /* RightViewController.m */; };
/* End PBXBuildFile section */

/* Begin PBXContainerItemProxy section */
		575F9B411B5BA2780077F09C /* PBXContainerItemProxy */ = {
			isa = PBXContainerItemProxy;
			containerPortal = 575F9B1F1B5BA2780077F09C /* Project object */;
			proxyType = 1;
			remoteGlobalIDString = 575F9B261B5BA2780077F09C;
			remoteInfo = cehsi;
		};
/* End PBXContainerItemProxy section */

/* Begin PBXFileReference section */
		575697E61B5F814000721A9A /* OtherViewController.h */ = {isa = PBXFileReference; fileEncoding = 4; lastKnownFileType = sourcecode.c.h; path = OtherViewController.h; sourceTree = "<group>"; };
		575697E71B5F814000721A9A /* OtherViewController.m */ = {isa = PBXFileReference; fileEncoding = 4; lastKnownFileType = sourcecode.c.objc; path = OtherViewController.m; sourceTree = "<group>"; };
		575F9B271B5BA2780077F09C /* cehsi.app */ = {isa = PBXFileReference; explicitFileType = wrapper.application; includeInIndex = 0; path = cehsi.app; sourceTree = BUILT_PRODUCTS_DIR; };
		575F9B2B1B5BA2780077F09C /* Info.plist */ = {isa = PBXFileReference; lastKnownFileType = text.plist.xml; path = Info.plist; sourceTree = "<group>"; };
		575F9B2C1B5BA2780077F09C /* main.m */ = {isa = PBXFileReference; lastKnownFileType = sourcecode.c.objc; path = main.m; sourceTree = "<group>"; };
		575F9B2E1B5BA2780077F09C /* AppDelegate.h */ = {isa = PBXFileReference; lastKnownFileType = sourcecode.c.h; path = AppDelegate.h; sourceTree = "<group>"; };
		575F9B2F1B5BA2780077F09C /* AppDelegate.m */ = {isa = PBXFileReference; lastKnownFileType = sourcecode.c.objc; path = AppDelegate.m; sourceTree = "<group>"; };
		575F9B311B5BA2780077F09C /* RootViewController.h */ = {isa = PBXFileReference; lastKnownFileType = sourcecode.c.h; path = RootViewController.h; sourceTree = "<group>"; };
		575F9B321B5BA2780077F09C /* RootViewController.m */ = {isa = PBXFileReference; lastKnownFileType = sourcecode.c.objc; path = RootViewController.m; sourceTree = "<group>"; };
		575F9B351B5BA2780077F09C /* Base */ = {isa = PBXFileReference; lastKnownFileType = file.storyboard; name = Base; path = Base.lproj/Main.storyboard; sourceTree = "<group>"; };
		575F9B371B5BA2780077F09C /* Images.xcassets */ = {isa = PBXFileReference; lastKnownFileType = folder.assetcatalog; path = Images.xcassets; sourceTree = "<group>"; };
		575F9B3A1B5BA2780077F09C /* Base */ = {isa = PBXFileReference; lastKnownFileType = file.xib; name = Base; path = Base.lproj/LaunchScreen.xib; sourceTree = "<group>"; };
		575F9B401B5BA2780077F09C /* cehsiTests.xctest */ = {isa = PBXFileReference; explicitFileType = wrapper.cfbundle; includeInIndex = 0; path = cehsiTests.xctest; sourceTree = BUILT_PRODUCTS_DIR; };
		575F9B451B5BA2780077F09C /* Info.plist */ = {isa = PBXFileReference; lastKnownFileType = text.plist.xml; path = Info.plist; sourceTree = "<group>"; };
		575F9B461B5BA2780077F09C /* cehsiTests.m */ = {isa = PBXFileReference; lastKnownFileType = sourcecode.c.objc; path = cehsiTests.m; sourceTree = "<group>"; };
		575F9B511B5BA2A50077F09C /* RECommonFunctions.h */ = {isa = PBXFileReference; fileEncoding = 4; lastKnownFileType = sourcecode.c.h; path = RECommonFunctions.h; sourceTree = "<group>"; };
		575F9B521B5BA2A50077F09C /* RECommonFunctions.m */ = {isa = PBXFileReference; fileEncoding = 4; lastKnownFileType = sourcecode.c.objc; path = RECommonFunctions.m; sourceTree = "<group>"; };
		575F9B531B5BA2A50077F09C /* RESideMenu.h */ = {isa = PBXFileReference; fileEncoding = 4; lastKnownFileType = sourcecode.c.h; path = RESideMenu.h; sourceTree = "<group>"; };
		575F9B541B5BA2A50077F09C /* RESideMenu.m */ = {isa = PBXFileReference; fileEncoding = 4; lastKnownFileType = sourcecode.c.objc; path = RESideMenu.m; sourceTree = "<group>"; };
		575F9B551B5BA2A50077F09C /* UIViewController+RESideMenu.h */ = {isa = PBXFileReference; fileEncoding = 4; lastKnownFileType = sourcecode.c.h; path = "UIViewController+RESideMenu.h"; sourceTree = "<group>"; };
		575F9B561B5BA2A50077F09C /* UIViewController+RESideMenu.m */ = {isa = PBXFileReference; fileEncoding = 4; lastKnownFileType = sourcecode.c.objc; path = "UIViewController+RESideMenu.m"; sourceTree = "<group>"; };
		575F9B5A1B5BA3330077F09C /* LeftViewController.h */ = {isa = PBXFileReference; fileEncoding = 4; lastKnownFileType = sourcecode.c.h; path = LeftViewController.h; sourceTree = "<group>"; };
		575F9B5B1B5BA3330077F09C /* LeftViewController.m */ = {isa = PBXFileReference; fileEncoding = 4; lastKnownFileType = sourcecode.c.objc; path = LeftViewController.m; sourceTree = "<group>"; };
		575F9B5D1B5BA4600077F09C /* RightViewController.h */ = {isa = PBXFileReference; fileEncoding = 4; lastKnownFileType = sourcecode.c.h; path = RightViewController.h; sourceTree = "<group>"; };
		575F9B5E1B5BA4600077F09C /* RightViewController.m */ = {isa = PBXFileReference; fileEncoding = 4; lastKnownFileType = sourcecode.c.objc; path = RightViewController.m; sourceTree = "<group>"; };
/* End PBXFileReference section */

/* Begin PBXFrameworksBuildPhase section */
		575F9B241B5BA2780077F09C /* Frameworks */ = {
			isa = PBXFrameworksBuildPhase;
			buildActionMask = 2147483647;
			files = (
			);
			runOnlyForDeploymentPostprocessing = 0;
		};
		575F9B3D1B5BA2780077F09C /* Frameworks */ = {
			isa = PBXFrameworksBuildPhase;
			buildActionMask = 2147483647;
			files = (
			);
			runOnlyForDeploymentPostprocessing = 0;
		};
/* End PBXFrameworksBuildPhase section */

/* Begin PBXGroup section */
		575F9B1E1B5BA2780077F09C = {
			isa = PBXGroup;
			children = (
				575F9B291B5BA2780077F09C /* cehsi */,
				575F9B431B5BA2780077F09C /* cehsiTests */,
				575F9B281B5BA2780077F09C /* Products */,
			);
			sourceTree = "<group>";
		};
		575F9B281B5BA2780077F09C /* Products */ = {
			isa = PBXGroup;
			children = (
				575F9B271B5BA2780077F09C /* cehsi.app */,
				575F9B401B5BA2780077F09C /* cehsiTests.xctest */,
			);
			name = Products;
			sourceTree = "<group>";
		};
		575F9B291B5BA2780077F09C /* cehsi */ = {
			isa = PBXGroup;
			children = (
				575F9B501B5BA2A50077F09C /* RESideMenu */,
				575F9B2E1B5BA2780077F09C /* AppDelegate.h */,
				575F9B2F1B5BA2780077F09C /* AppDelegate.m */,
				575F9B311B5BA2780077F09C /* RootViewController.h */,
				575F9B321B5BA2780077F09C /* RootViewController.m */,
				575F9B5A1B5BA3330077F09C /* LeftViewController.h */,
				575F9B5B1B5BA3330077F09C /* LeftViewController.m */,
				575F9B5D1B5BA4600077F09C /* RightViewController.h */,
				575F9B5E1B5BA4600077F09C /* RightViewController.m */,
				575F9B341B5BA2780077F09C /* Main.storyboard */,
				575697E61B5F814000721A9A /* OtherViewController.h */,
				575697E71B5F814000721A9A /* OtherViewController.m */,
				575F9B371B5BA2780077F09C /* Images.xcassets */,
				575F9B391B5BA2780077F09C /* LaunchScreen.xib */,
				575F9B2A1B5BA2780077F09C /* Supporting Files */,
			);
			path = cehsi;
			sourceTree = "<group>";
		};
		575F9B2A1B5BA2780077F09C /* Supporting Files */ = {
			isa = PBXGroup;
			children = (
				575F9B2B1B5BA2780077F09C /* Info.plist */,
				575F9B2C1B5BA2780077F09C /* main.m */,
			);
			name = "Supporting Files";
			sourceTree = "<group>";
		};
		575F9B431B5BA2780077F09C /* cehsiTests */ = {
			isa = PBXGroup;
			children = (
				575F9B461B5BA2780077F09C /* cehsiTests.m */,
				575F9B441B5BA2780077F09C /* Supporting Files */,
			);
			path = cehsiTests;
			sourceTree = "<group>";
		};
		575F9B441B5BA2780077F09C /* Supporting Files */ = {
			isa = PBXGroup;
			children = (
				575F9B451B5BA2780077F09C /* Info.plist */,
			);
			name = "Supporting Files";
			sourceTree = "<group>";
		};
		575F9B501B5BA2A50077F09C /* RESideMenu */ = {
			isa = PBXGroup;
			children = (
				575F9B511B5BA2A50077F09C /* RECommonFunctions.h */,
				575F9B521B5BA2A50077F09C /* RECommonFunctions.m */,
				575F9B531B5BA2A50077F09C /* RESideMenu.h */,
				575F9B541B5BA2A50077F09C /* RESideMenu.m */,
				575F9B551B5BA2A50077F09C /* UIViewController+RESideMenu.h */,
				575F9B561B5BA2A50077F09C /* UIViewController+RESideMenu.m */,
			);
			path = RESideMenu;
			sourceTree = "<group>";
		};
/* End PBXGroup section */

/* Begin PBXNativeTarget section */
		575F9B261B5BA2780077F09C /* cehsi */ = {
			isa = PBXNativeTarget;
			buildConfigurationList = 575F9B4A1B5BA2780077F09C /* Build configuration list for PBXNativeTarget "cehsi" */;
			buildPhases = (
				575F9B231B5BA2780077F09C /* Sources */,
				575F9B241B5BA2780077F09C /* Frameworks */,
				575F9B251B5BA2780077F09C /* Resources */,
			);
			buildRules = (
			);
			dependencies = (
			);
			name = cehsi;
			productName = cehsi;
			productReference = 575F9B271B5BA2780077F09C /* cehsi.app */;
			productType = "com.apple.product-type.application";
		};
		575F9B3F1B5BA2780077F09C /* cehsiTests */ = {
			isa = PBXNativeTarget;
			buildConfigurationList = 575F9B4D1B5BA2780077F09C /* Build configuration list for PBXNativeTarget "cehsiTests" */;
			buildPhases = (
				575F9B3C1B5BA2780077F09C /* Sources */,
				575F9B3D1B5BA2780077F09C /* Frameworks */,
				575F9B3E1B5BA2780077F09C /* Resources */,
			);
			buildRules = (
			);
			dependencies = (
				575F9B421B5BA2780077F09C /* PBXTargetDependency */,
			);
			name = cehsiTests;
			productName = cehsiTests;
			productReference = 575F9B401B5BA2780077F09C /* cehsiTests.xctest */;
			productType = "com.apple.product-type.bundle.unit-test";
		};
/* End PBXNativeTarget section */

/* Begin PBXProject section */
		575F9B1F1B5BA2780077F09C /* Project object */ = {
			isa = PBXProject;
			attributes = {
				LastUpgradeCheck = 0620;
				ORGANIZATIONNAME = qingyun;
				TargetAttributes = {
					575F9B261B5BA2780077F09C = {
						CreatedOnToolsVersion = 6.2;
					};
					575F9B3F1B5BA2780077F09C = {
						CreatedOnToolsVersion = 6.2;
						TestTargetID = 575F9B261B5BA2780077F09C;
					};
				};
			};
			buildConfigurationList = 575F9B221B5BA2780077F09C /* Build configuration list for PBXProject "cehsi" */;
			compatibilityVersion = "Xcode 3.2";
			developmentRegion = English;
			hasScannedForEncodings = 0;
			knownRegions = (
				en,
				Base,
			);
			mainGroup = 575F9B1E1B5BA2780077F09C;
			productRefGroup = 575F9B281B5BA2780077F09C /* Products */;
			projectDirPath = "";
			projectRoot = "";
			targets = (
				575F9B261B5BA2780077F09C /* cehsi */,
				575F9B3F1B5BA2780077F09C /* cehsiTests */,
			);
		};
/* End PBXProject section */

/* Begin PBXResourcesBuildPhase section */
		575F9B251B5BA2780077F09C /* Resources */ = {
			isa = PBXResourcesBuildPhase;
			buildActionMask = 2147483647;
			files = (
				575F9B361B5BA2780077F09C /* Main.storyboard in Resources */,
				575F9B3B1B5BA2780077F09C /* LaunchScreen.xib in Resources */,
				575F9B381B5BA2780077F09C /* Images.xcassets in Resources */,
			);
			runOnlyForDeploymentPostprocessing = 0;
		};
		575F9B3E1B5BA2780077F09C /* Resources */ = {
			isa = PBXResourcesBuildPhase;
			buildActionMask = 2147483647;
			files = (
			);
			runOnlyForDeploymentPostprocessing = 0;
		};
/* End PBXResourcesBuildPhase section */

/* Begin PBXSourcesBuildPhase section */
		575F9B231B5BA2780077F09C /* Sources */ = {
			isa = PBXSourcesBuildPhase;
			buildActionMask = 2147483647;
			files = (
				575F9B331B5BA2780077F09C /* RootViewController.m in Sources */,
				575F9B301B5BA2780077F09C /* AppDelegate.m in Sources */,
				575F9B2D1B5BA2780077F09C /* main.m in Sources */,
				575697E81B5F814000721A9A /* OtherViewController.m in Sources */,
				575F9B581B5BA2A50077F09C /* RESideMenu.m in Sources */,
				575F9B5C1B5BA3330077F09C /* LeftViewController.m in Sources */,
				575F9B5F1B5BA4600077F09C /* RightViewController.m in Sources */,
				575F9B571B5BA2A50077F09C /* RECommonFunctions.m in Sources */,
				575F9B591B5BA2A50077F09C /* UIViewController+RESideMenu.m in Sources */,
			);
			runOnlyForDeploymentPostprocessing = 0;
		};
		575F9B3C1B5BA2780077F09C /* Sources */ = {
			isa = PBXSourcesBuildPhase;
			buildActionMask = 2147483647;
			files = (
				575F9B471B5BA2780077F09C /* cehsiTests.m in Sources */,
			);
			runOnlyForDeploymentPostprocessing = 0;
		};
/* End PBXSourcesBuildPhase section */

/* Begin PBXTargetDependency section */
		575F9B421B5BA2780077F09C /* PBXTargetDependency */ = {
			isa = PBXTargetDependency;
			target = 575F9B261B5BA2780077F09C /* cehsi */;
			targetProxy = 575F9B411B5BA2780077F09C /* PBXContainerItemProxy */;
		};
/* End PBXTargetDependency section */

/* Begin PBXVariantGroup section */
		575F9B341B5BA2780077F09C /* Main.storyboard */ = {
			isa = PBXVariantGroup;
			children = (
				575F9B351B5BA2780077F09C /* Base */,
			);
			name = Main.storyboard;
			sourceTree = "<group>";
		};
		575F9B391B5BA2780077F09C /* LaunchScreen.xib */ = {
			isa = PBXVariantGroup;
			children = (
				575F9B3A1B5BA2780077F09C /* Base */,
			);
			name = LaunchScreen.xib;
			sourceTree = "<group>";
		};
/* End PBXVariantGroup section */

/* Begin XCBuildConfiguration section */
		575F9B481B5BA2780077F09C /* Debug */ = {
			isa = XCBuildConfiguration;
			buildSettings = {
				ALWAYS_SEARCH_USER_PATHS = NO;
				CLANG_CXX_LANGUAGE_STANDARD = "gnu++0x";
				CLANG_CXX_LIBRARY = "libc++";
				CLANG_ENABLE_MODULES = YES;
				CLANG_ENABLE_OBJC_ARC = YES;
				CLANG_WARN_BOOL_CONVERSION = YES;
				CLANG_WARN_CONSTANT_CONVERSION = YES;
				CLANG_WARN_DIRECT_OBJC_ISA_USAGE = YES_ERROR;
				CLANG_WARN_EMPTY_BODY = YES;
				CLANG_WARN_ENUM_CONVERSION = YES;
				CLANG_WARN_INT_CONVERSION = YES;
				CLANG_WARN_OBJC_ROOT_CLASS = YES_ERROR;
				CLANG_WARN_UNREACHABLE_CODE = YES;
				CLANG_WARN__DUPLICATE_METHOD_MATCH = YES;
				"CODE_SIGN_IDENTITY[sdk=iphoneos*]" = "iPhone Developer";
				COPY_PHASE_STRIP = NO;
				ENABLE_STRICT_OBJC_MSGSEND = YES;
				GCC_C_LANGUAGE_STANDARD = gnu99;
				GCC_DYNAMIC_NO_PIC = NO;
				GCC_OPTIMIZATION_LEVEL = 0;
				GCC_PREPROCESSOR_DEFINITIONS = (
					"DEBUG=1",
					"$(inherited)",
				);
				GCC_SYMBOLS_PRIVATE_EXTERN = NO;
				GCC_WARN_64_TO_32_BIT_CONVERSION = YES;
				GCC_WARN_ABOUT_RETURN_TYPE = YES_ERROR;
				GCC_WARN_UNDECLARED_SELECTOR = YES;
				GCC_WARN_UNINITIALIZED_AUTOS = YES_AGGRESSIVE;
				GCC_WARN_UNUSED_FUNCTION = YES;
				GCC_WARN_UNUSED_VARIABLE = YES;
				IPHONEOS_DEPLOYMENT_TARGET = 8.2;
				MTL_ENABLE_DEBUG_INFO = YES;
				ONLY_ACTIVE_ARCH = YES;
				SDKROOT = iphoneos;
			};
			name = Debug;
		};
		575F9B491B5BA2780077F09C /* Release */ = {
			isa = XCBuildConfiguration;
			buildSettings = {
				ALWAYS_SEARCH_USER_PATHS = NO;
				CLANG_CXX_LANGUAGE_STANDARD = "gnu++0x";
				CLANG_CXX_LIBRARY = "libc++";
				CLANG_ENABLE_MODULES = YES;
				CLANG_ENABLE_OBJC_ARC = YES;
				CLANG_WARN_BOOL_CONVERSION = YES;
				CLANG_WARN_CONSTANT_CONVERSION = YES;
				CLANG_WARN_DIRECT_OBJC_ISA_USAGE = YES_ERROR;
				CLANG_WARN_EMPTY_BODY = YES;
				CLANG_WARN_ENUM_CONVERSION = YES;
				CLANG_WARN_INT_CONVERSION = YES;
				CLANG_WARN_OBJC_ROOT_CLASS = YES_ERROR;
				CLANG_WARN_UNREACHABLE_CODE = YES;
				CLANG_WARN__DUPLICATE_METHOD_MATCH = YES;
				"CODE_SIGN_IDENTITY[sdk=iphoneos*]" = "iPhone Developer";
				COPY_PHASE_STRIP = NO;
				ENABLE_NS_ASSERTIONS = NO;
				ENABLE_STRICT_OBJC_MSGSEND = YES;
				GCC_C_LANGUAGE_STANDARD = gnu99;
				GCC_WARN_64_TO_32_BIT_CONVERSION = YES;
				GCC_WARN_ABOUT_RETURN_TYPE = YES_ERROR;
				GCC_WARN_UNDECLARED_SELECTOR = YES;
				GCC_WARN_UNINITIALIZED_AUTOS = YES_AGGRESSIVE;
				GCC_WARN_UNUSED_FUNCTION = YES;
				GCC_WARN_UNUSED_VARIABLE = YES;
				IPHONEOS_DEPLOYMENT_TARGET = 8.2;
				MTL_ENABLE_DEBUG_INFO = NO;
				SDKROOT = iphoneos;
				VALIDATE_PRODUCT = YES;
			};
			name = Release;
		};
		575F9B4B1B5BA2780077F09C /* Debug */ = {
			isa = XCBuildConfiguration;
			buildSettings = {
				ASSETCATALOG_COMPILER_APPICON_NAME = AppIcon;
				INFOPLIST_FILE = cehsi/Info.plist;
				LD_RUNPATH_SEARCH_PATHS = "$(inherited) @executable_path/Frameworks";
				PRODUCT_NAME = "$(TARGET_NAME)";
			};
			name = Debug;
		};
		575F9B4C1B5BA2780077F09C /* Release */ = {
			isa = XCBuildConfiguration;
			buildSettings = {
				ASSETCATALOG_COMPILER_APPICON_NAME = AppIcon;
				INFOPLIST_FILE = cehsi/Info.plist;
				LD_RUNPATH_SEARCH_PATHS = "$(inherited) @executable_path/Frameworks";
				PRODUCT_NAME = "$(TARGET_NAME)";
			};
			name = Release;
		};
		575F9B4E1B5BA2780077F09C /* Debug */ = {
			isa = XCBuildConfiguration;
			buildSettings = {
				BUNDLE_LOADER = "$(TEST_HOST)";
				FRAMEWORK_SEARCH_PATHS = (
					"$(SDKROOT)/Developer/Library/Frameworks",
					"$(inherited)",
				);
				GCC_PREPROCESSOR_DEFINITIONS = (
					"DEBUG=1",
					"$(inherited)",
				);
				INFOPLIST_FILE = cehsiTests/Info.plist;
				LD_RUNPATH_SEARCH_PATHS = "$(inherited) @executable_path/Frameworks @loader_path/Frameworks";
				PRODUCT_NAME = "$(TARGET_NAME)";
				TEST_HOST = "$(BUILT_PRODUCTS_DIR)/cehsi.app/cehsi";
			};
			name = Debug;
		};
		575F9B4F1B5BA2780077F09C /* Release */ = {
			isa = XCBuildConfiguration;
			buildSettings = {
				BUNDLE_LOADER = "$(TEST_HOST)";
				FRAMEWORK_SEARCH_PATHS = (
					"$(SDKROOT)/Developer/Library/Frameworks",
					"$(inherited)",
				);
				INFOPLIST_FILE = cehsiTests/Info.plist;
				LD_RUNPATH_SEARCH_PATHS = "$(inherited) @executable_path/Frameworks @loader_path/Frameworks";
				PRODUCT_NAME = "$(TARGET_NAME)";
				TEST_HOST = "$(BUILT_PRODUCTS_DIR)/cehsi.app/cehsi";
			};
			name = Release;
		};
/* End XCBuildConfiguration section */

/* Begin XCConfigurationList section */
		575F9B221B5BA2780077F09C /* Build configuration list for PBXProject "cehsi" */ = {
			isa = XCConfigurationList;
			buildConfigurations = (
				575F9B481B5BA2780077F09C /* Debug */,
				575F9B491B5BA2780077F09C /* Release */,
			);
			defaultConfigurationIsVisible = 0;
			defaultConfigurationName = Release;
		};
		575F9B4A1B5BA2780077F09C /* Build configuration list for PBXNativeTarget "cehsi" */ = {
			isa = XCConfigurationList;
			buildConfigurations = (
				575F9B4B1B5BA2780077F09C /* Debug */,
				575F9B4C1B5BA2780077F09C /* Release */,
			);
			defaultConfigurationIsVisible = 0;
			defaultConfigurationName = Release;
		};
		575F9B4D1B5BA2780077F09C /* Build configuration list for PBXNativeTarget "cehsiTests" */ = {
			isa = XCConfigurationList;
			buildConfigurations = (
				575F9B4E1B5BA2780077F09C /* Debug */,
				575F9B4F1B5BA2780077F09C /* Release */,
			);
			defaultConfigurationIsVisible = 0;
			defaultConfigurationName = Release;
		};
/* End XCConfigurationList section */
	};
	rootObject = 575F9B1F1B5BA2780077F09C /* Project object */;
}
